
Microsoft Visual Studio Solution File, Format Version 12.00
# Visual Studio Version 16
VisualStudioVersion = 16.0.30611.23
MinimumVisualStudioVersion = 10.0.40219.1
Project("{8BC9CEB8-8B4A-11D0-8D11-00A0C91BC942}") = "OpenCV_tester", "OpenCV_tester\OpenCV_tester.vcxproj", "{E51D3FA8-7FC6-4051-9D88-20293263AF9C}"
EndProject
Global
	GlobalSection(SolutionConfigurationPlatforms) = preSolution
		Debug|x64 = Debug|x64
		Debug|x86 = Debug|x86
		Release|x64 = Release|x64
		Release|x86 = Release|x86
	EndGlobalSection
	GlobalSection(ProjectConfigurationPlatforms) = postSolution
		{E51D3FA8-7FC6-4051-9D88-20293263AF9C}.Debug|x64.ActiveCfg = Debug|x64
		{E51D3FA8-7FC6-4051-9D88-20293263AF9C}.Debug|x64.Build.0 = Debug|x64
		{E51D3FA8-7FC6-4051-9D88-20293263AF9C}.Debug|x86.ActiveCfg = Debug|Win32
		{E51D3FA8-7FC6-4051-9D88-20293263AF9C}.Debug|x86.Build.0 = Debug|Win32
		{E51D3FA8-7FC6-4051-9D88-20293263AF9C}.Release|x64.ActiveCfg = Release|x64
		{E51D3FA8-7FC6-4051-9D88-20293263AF9C}.Release|x64.Build.0 = Release|x64
		{E51D3FA8-7FC6-4051-9D88-20293263AF9C}.Release|x86.ActiveCfg = Release|Win32
		{E51D3FA8-7FC6-4051-9D88-20293263AF9C}.Release|x86.Build.0 = Release|Win32
	EndGlobalSection
	GlobalSection(SolutionProperties) = preSolution
		HideSolutionNode = FALSE
	EndGlobalSection
	GlobalSection(ExtensibilityGlobals) = postSolution
		SolutionGuid = {F872F1DE-A553-4261-9C1D-2BE0B30A210F}
	EndGlobalSection
EndGlobal
